# THIS IS AN AUTOGENERATED FILE. DO NOT EDIT THIS FILE DIRECTLY.
# yarn lockfile v1


accepts@~1.3.5:
  version "1.3.5"
  resolved "https://registry.yarnpkg.com/accepts/-/accepts-1.3.5.tgz#eb777df6011723a3b14e8a72c0805c8e86746bd2"
  dependencies:
    mime-types "~2.1.18"
    negotiator "0.6.1"

affine-hull@^1.0.0:
  version "1.0.0"
  resolved "https://registry.yarnpkg.com/affine-hull/-/affine-hull-1.0.0.tgz#763ff1d38d063ceb7e272f17ee4d7bbcaf905c5d"
  dependencies:
    robust-orientation "^1.1.3"

array-flatten@1.1.1:
  version "1.1.1"
  resolved "https://registry.yarnpkg.com/array-flatten/-/array-flatten-1.1.1.tgz#9a5f699051b1e7073328f2a008968b64ea2955d2"

async@2.6.0:
  version "2.6.0"
  resolved "https://registry.yarnpkg.com/async/-/async-2.6.0.tgz#61a29abb6fcc026fea77e56d1c6ec53a795951f4"
  dependencies:
    lodash "^4.14.0"

bit-twiddle@^1.0.0:
  version "1.0.2"
  resolved "https://registry.yarnpkg.com/bit-twiddle/-/bit-twiddle-1.0.2.tgz#0c6c1fabe2b23d17173d9a61b7b7093eb9e1769e"

bluebird@3.5.0:
  version "3.5.0"
  resolved "https://registry.yarnpkg.com/bluebird/-/bluebird-3.5.0.tgz#791420d7f551eea2897453a8a77653f96606d67c"

body-parser@1.18.2:
  version "1.18.2"
  resolved "https://registry.yarnpkg.com/body-parser/-/body-parser-1.18.2.tgz#87678a19d84b47d859b83199bd59bce222b10454"
  dependencies:
    bytes "3.0.0"
    content-type "~1.0.4"
    debug "2.6.9"
    depd "~1.1.1"
    http-errors "~1.6.2"
    iconv-lite "0.4.19"
    on-finished "~2.3.0"
    qs "6.5.1"
    raw-body "2.3.2"
    type-is "~1.6.15"

body-parser@^1.15.2:
  version "1.18.3"
  resolved "https://registry.yarnpkg.com/body-parser/-/body-parser-1.18.3.tgz#5b292198ffdd553b3a0f20ded0592b956955c8b4"
  dependencies:
    bytes "3.0.0"
    content-type "~1.0.4"
    debug "2.6.9"
    depd "~1.1.2"
    http-errors "~1.6.3"
    iconv-lite "0.4.23"
    on-finished "~2.3.0"
    qs "6.5.2"
    raw-body "2.3.3"
    type-is "~1.6.16"

bson@~1.0.4:
  version "1.0.9"
  resolved "https://registry.yarnpkg.com/bson/-/bson-1.0.9.tgz#12319f8323b1254739b7c6bef8d3e89ae05a2f57"

buffer-shims@~1.0.0:
  version "1.0.0"
  resolved "https://registry.yarnpkg.com/buffer-shims/-/buffer-shims-1.0.0.tgz#9978ce317388c649ad8793028c3477ef044a8b51"

bytes@3.0.0:
  version "3.0.0"
  resolved "https://registry.yarnpkg.com/bytes/-/bytes-3.0.0.tgz#d32815404d689699f85a4ea4fa8755dd13a96048"

content-disposition@0.5.2:
  version "0.5.2"
  resolved "https://registry.yarnpkg.com/content-disposition/-/content-disposition-0.5.2.tgz#0cf68bb9ddf5f2be7961c3a85178cb85dba78cb4"

content-type@~1.0.4:
  version "1.0.4"
  resolved "https://registry.yarnpkg.com/content-type/-/content-type-1.0.4.tgz#e138cc75e040c727b1966fe5e5f8c9aee256fe3b"

convex-hull@^1.0.3:
  version "1.0.3"
  resolved "https://registry.yarnpkg.com/convex-hull/-/convex-hull-1.0.3.tgz#20a3aa6ce87f4adea2ff7d17971c9fc1c67e1fff"
  dependencies:
    affine-hull "^1.0.0"
    incremental-convex-hull "^1.0.1"
    monotone-convex-hull-2d "^1.0.1"

cookie-signature@1.0.6:
  version "1.0.6"
  resolved "https://registry.yarnpkg.com/cookie-signature/-/cookie-signature-1.0.6.tgz#e303a882b342cc3ee8ca513a79999734dab3ae2c"

cookie@0.3.1:
  version "0.3.1"
  resolved "https://registry.yarnpkg.com/cookie/-/cookie-0.3.1.tgz#e7e0a1f9ef43b4c8ba925c5c5a96e806d16873bb"

core-util-is@~1.0.0:
  version "1.0.2"
  resolved "https://registry.yarnpkg.com/core-util-is/-/core-util-is-1.0.2.tgz#b5fd54220aa2bc5ab57aab7140c940754503c1a7"

cors@^2.8.4:
  version "2.8.4"
  resolved "https://registry.yarnpkg.com/cors/-/cors-2.8.4.tgz#2bd381f2eb201020105cd50ea59da63090694686"
  dependencies:
    object-assign "^4"
    vary "^1"

debug@2.6.9:
  version "2.6.9"
  resolved "https://registry.yarnpkg.com/debug/-/debug-2.6.9.tgz#5d128515df134ff327e90a4c93f4e077a536341f"
  dependencies:
    ms "2.0.0"

depd@1.1.1:
  version "1.1.1"
  resolved "https://registry.yarnpkg.com/depd/-/depd-1.1.1.tgz#5783b4e1c459f06fa5ca27f991f3d06e7a310359"

depd@~1.1.1, depd@~1.1.2:
  version "1.1.2"
  resolved "https://registry.yarnpkg.com/depd/-/depd-1.1.2.tgz#9bcd52e14c097763e749b274c4346ed2e560b5a9"

destroy@~1.0.4:
  version "1.0.4"
  resolved "https://registry.yarnpkg.com/destroy/-/destroy-1.0.4.tgz#978857442c44749e4206613e37946205826abd80"

earcut@^2.0.0:
  version "2.1.3"
  resolved "https://registry.yarnpkg.com/earcut/-/earcut-2.1.3.tgz#ca579545f351941af7c3d0df49c9f7d34af99b0c"

ee-first@1.1.1:
  version "1.1.1"
  resolved "https://registry.yarnpkg.com/ee-first/-/ee-first-1.1.1.tgz#590c61156b0ae2f4f0255732a158b266bc56b21d"

encodeurl@~1.0.2:
  version "1.0.2"
  resolved "https://registry.yarnpkg.com/encodeurl/-/encodeurl-1.0.2.tgz#ad3ff4c86ec2d029322f5a02c3a9a606c95b3f59"

es6-promise@3.2.1:
  version "3.2.1"
  resolved "https://registry.yarnpkg.com/es6-promise/-/es6-promise-3.2.1.tgz#ec56233868032909207170c39448e24449dd1fc4"

escape-html@~1.0.3:
  version "1.0.3"
  resolved "https://registry.yarnpkg.com/escape-html/-/escape-html-1.0.3.tgz#0258eae4d3d0c0974de1c169188ef0051d1d1988"

etag@~1.8.1:
  version "1.8.1"
  resolved "https://registry.yarnpkg.com/etag/-/etag-1.8.1.tgz#41ae2eeb65efa62268aebfea83ac7d79299b0887"

express@^4.14.0:
  version "4.16.3"
  resolved "https://registry.yarnpkg.com/express/-/express-4.16.3.tgz#6af8a502350db3246ecc4becf6b5a34d22f7ed53"
  dependencies:
    accepts "~1.3.5"
    array-flatten "1.1.1"
    body-parser "1.18.2"
    content-disposition "0.5.2"
    content-type "~1.0.4"
    cookie "0.3.1"
    cookie-signature "1.0.6"
    debug "2.6.9"
    depd "~1.1.2"
    encodeurl "~1.0.2"
    escape-html "~1.0.3"
    etag "~1.8.1"
    finalhandler "1.1.1"
    fresh "0.5.2"
    merge-descriptors "1.0.1"
    methods "~1.1.2"
    on-finished "~2.3.0"
    parseurl "~1.3.2"
    path-to-regexp "0.1.7"
    proxy-addr "~2.0.3"
    qs "6.5.1"
    range-parser "~1.2.0"
    safe-buffer "5.1.1"
    send "0.16.2"
    serve-static "1.13.2"
    setprototypeof "1.1.0"
    statuses "~1.4.0"
    type-is "~1.6.16"
    utils-merge "1.0.1"
    vary "~1.1.2"

finalhandler@1.1.1:
  version "1.1.1"
  resolved "https://registry.yarnpkg.com/finalhandler/-/finalhandler-1.1.1.tgz#eebf4ed840079c83f4249038c9d703008301b105"
  dependencies:
    debug "2.6.9"
    encodeurl "~1.0.2"
    escape-html "~1.0.3"
    on-finished "~2.3.0"
    parseurl "~1.3.2"
    statuses "~1.4.0"
    unpipe "~1.0.0"

forwarded@~0.1.2:
  version "0.1.2"
  resolved "https://registry.yarnpkg.com/forwarded/-/forwarded-0.1.2.tgz#98c23dab1175657b8c0573e8ceccd91b0ff18c84"

fresh@0.5.2:
  version "0.5.2"
  resolved "https://registry.yarnpkg.com/fresh/-/fresh-0.5.2.tgz#3d8cadd90d976569fa835ab1f8e4b23a105605a7"

geojson-area@^0.2.1:
  version "0.2.1"
  resolved "https://registry.yarnpkg.com/geojson-area/-/geojson-area-0.2.1.tgz#2537b0982db86309f21d2c428a4257c7a6282cc6"
  dependencies:
    wgs84 "0.0.0"

geojson-normalize@0.0.0:
  version "0.0.0"
  resolved "https://registry.yarnpkg.com/geojson-normalize/-/geojson-normalize-0.0.0.tgz#2dbc3678cd1b31b8179e876bda70cd120dde35c0"

geojson-random@^0.2.2:
  version "0.2.2"
  resolved "https://registry.yarnpkg.com/geojson-random/-/geojson-random-0.2.2.tgz#ab4838f126adc5e16f8f94e655def820f9119dbc"

hooks-fixed@2.0.2:
  version "2.0.2"
  resolved "https://registry.yarnpkg.com/hooks-fixed/-/hooks-fixed-2.0.2.tgz#20076daa07e77d8a6106883ce3f1722e051140b0"

http-errors@1.6.2:
  version "1.6.2"
  resolved "https://registry.yarnpkg.com/http-errors/-/http-errors-1.6.2.tgz#0a002cc85707192a7e7946ceedc11155f60ec736"
  dependencies:
    depd "1.1.1"
    inherits "2.0.3"
    setprototypeof "1.0.3"
    statuses ">= 1.3.1 < 2"

http-errors@1.6.3, http-errors@~1.6.2, http-errors@~1.6.3:
  version "1.6.3"
  resolved "https://registry.yarnpkg.com/http-errors/-/http-errors-1.6.3.tgz#8b55680bb4be283a0b5bf4ea2e38580be1d9320d"
  dependencies:
    depd "~1.1.2"
    inherits "2.0.3"
    setprototypeof "1.1.0"
    statuses ">= 1.4.0 < 2"

iconv-lite@0.4.19:
  version "0.4.19"
  resolved "https://registry.yarnpkg.com/iconv-lite/-/iconv-lite-0.4.19.tgz#f7468f60135f5e5dad3399c0a81be9a1603a082b"

iconv-lite@0.4.23:
  version "0.4.23"
  resolved "https://registry.yarnpkg.com/iconv-lite/-/iconv-lite-0.4.23.tgz#297871f63be507adcfbfca715d0cd0eed84e9a63"
  dependencies:
    safer-buffer ">= 2.1.2 < 3"

incremental-convex-hull@^1.0.1:
  version "1.0.1"
  resolved "https://registry.yarnpkg.com/incremental-convex-hull/-/incremental-convex-hull-1.0.1.tgz#51428c14cb9d9a6144bfe69b2851fb377334be1e"
  dependencies:
    robust-orientation "^1.1.2"
    simplicial-complex "^1.0.0"

inherits@2.0.3, inherits@~2.0.1:
  version "2.0.3"
  resolved "https://registry.yarnpkg.com/inherits/-/inherits-2.0.3.tgz#633c2c83e3da42a502f52466022480f4208261de"

ipaddr.js@1.8.0:
  version "1.8.0"
  resolved "https://registry.yarnpkg.com/ipaddr.js/-/ipaddr.js-1.8.0.tgz#eaa33d6ddd7ace8f7f6fe0c9ca0440e706738b1e"

isarray@~1.0.0:
  version "1.0.0"
  resolved "https://registry.yarnpkg.com/isarray/-/isarray-1.0.0.tgz#bb935d48582cba168c06834957a54a3e07124f11"

jsts@1.1.2:
  version "1.1.2"
  resolved "http://registry.npmjs.org/jsts/-/jsts-1.1.2.tgz#d205d2cc8393081d9e484ae36282110695edc230"

kareem@1.5.0:
  version "1.5.0"
  resolved "https://registry.yarnpkg.com/kareem/-/kareem-1.5.0.tgz#e3e4101d9dcfde299769daf4b4db64d895d17448"

lodash.get@4.4.2:
  version "4.4.2"
  resolved "https://registry.yarnpkg.com/lodash.get/-/lodash.get-4.4.2.tgz#2d177f652fa31e939b4438d5341499dfa3825e99"

lodash@^4.14.0, lodash@^4.17.10:
  version "4.17.10"
  resolved "https://registry.yarnpkg.com/lodash/-/lodash-4.17.10.tgz#1b7793cf7259ea38fb3661d4d38b3260af8ae4e7"

media-typer@0.3.0:
  version "0.3.0"
  resolved "https://registry.yarnpkg.com/media-typer/-/media-typer-0.3.0.tgz#8710d7af0aa626f8fffa1ce00168545263255748"

merge-descriptors@1.0.1:
  version "1.0.1"
  resolved "https://registry.yarnpkg.com/merge-descriptors/-/merge-descriptors-1.0.1.tgz#b00aaa556dd8b44568150ec9d1b953f3f90cbb61"

methods@~1.1.2:
  version "1.1.2"
  resolved "https://registry.yarnpkg.com/methods/-/methods-1.1.2.tgz#5529a4d67654134edcc5266656835b0f851afcee"

mime-db@~1.36.0:
  version "1.36.0"
  resolved "https://registry.yarnpkg.com/mime-db/-/mime-db-1.36.0.tgz#5020478db3c7fe93aad7bbcc4dcf869c43363397"

mime-types@~2.1.18:
  version "2.1.20"
  resolved "https://registry.yarnpkg.com/mime-types/-/mime-types-2.1.20.tgz#930cb719d571e903738520f8470911548ca2cc19"
  dependencies:
    mime-db "~1.36.0"

mime@1.4.1:
  version "1.4.1"
  resolved "https://registry.yarnpkg.com/mime/-/mime-1.4.1.tgz#121f9ebc49e3766f311a76e1fa1c8003c4b03aa6"

minimist@^1.1.0:
  version "1.2.0"
  resolved "http://registry.npmjs.org/minimist/-/minimist-1.2.0.tgz#a35008b20f41383eec1fb914f4cd5df79a264284"

moment@^2.22.2:
  version "2.22.2"
  resolved "https://registry.yarnpkg.com/moment/-/moment-2.22.2.tgz#3c257f9839fc0e93ff53149632239eb90783ff66"

mongodb-core@2.1.18:
  version "2.1.18"
  resolved "https://registry.yarnpkg.com/mongodb-core/-/mongodb-core-2.1.18.tgz#4c46139bdf3a1f032ded91db49f38eec01659050"
  dependencies:
    bson "~1.0.4"
    require_optional "~1.0.0"

mongodb-core@2.1.20:
  version "2.1.20"
  resolved "https://registry.yarnpkg.com/mongodb-core/-/mongodb-core-2.1.20.tgz#fece8dd76b59ee7d7f2d313b65322c160492d8f1"
  dependencies:
    bson "~1.0.4"
    require_optional "~1.0.0"

mongodb@2.2.34:
  version "2.2.34"
  resolved "https://registry.yarnpkg.com/mongodb/-/mongodb-2.2.34.tgz#a34f59bbeb61754aec432de72c3fe21526a44c1a"
  dependencies:
    es6-promise "3.2.1"
    mongodb-core "2.1.18"
    readable-stream "2.2.7"

mongodb@^2.2.5:
  version "2.2.36"
  resolved "https://registry.yarnpkg.com/mongodb/-/mongodb-2.2.36.tgz#1c573680b2849fb0f47acbba3dc5fa228de975f5"
  dependencies:
    es6-promise "3.2.1"
    mongodb-core "2.1.20"
    readable-stream "2.2.7"

mongoose@^4.5.9:
  version "4.13.17"
  resolved "https://registry.yarnpkg.com/mongoose/-/mongoose-4.13.17.tgz#0af0396b1e5af027edf404518c62cc194de7d17a"
  dependencies:
    async "2.6.0"
    bson "~1.0.4"
    hooks-fixed "2.0.2"
    kareem "1.5.0"
    lodash.get "4.4.2"
    mongodb "2.2.34"
    mpath "0.5.1"
    mpromise "0.5.5"
    mquery "2.3.3"
    ms "2.0.0"
    muri "1.3.0"
    regexp-clone "0.0.1"
    sliced "1.0.1"

monotone-convex-hull-2d@^1.0.1:
  version "1.0.1"
  resolved "https://registry.yarnpkg.com/monotone-convex-hull-2d/-/monotone-convex-hull-2d-1.0.1.tgz#47f5daeadf3c4afd37764baa1aa8787a40eee08c"
  dependencies:
    robust-orientation "^1.1.3"

mpath@0.5.1:
  version "0.5.1"
  resolved "https://registry.yarnpkg.com/mpath/-/mpath-0.5.1.tgz#17131501f1ff9e6e4fbc8ffa875aa7065b5775ab"

mpromise@0.5.5:
  version "0.5.5"
  resolved "https://registry.yarnpkg.com/mpromise/-/mpromise-0.5.5.tgz#f5b24259d763acc2257b0a0c8c6d866fd51732e6"

mquery@2.3.3:
  version "2.3.3"
  resolved "https://registry.yarnpkg.com/mquery/-/mquery-2.3.3.tgz#221412e5d4e7290ca5582dd16ea8f190a506b518"
  dependencies:
    bluebird "3.5.0"
    debug "2.6.9"
    regexp-clone "0.0.1"
    sliced "0.0.5"

ms@2.0.0:
  version "2.0.0"
  resolved "https://registry.yarnpkg.com/ms/-/ms-2.0.0.tgz#5608aeadfc00be6c2901df5f9861788de0d597c8"

muri@1.3.0:
  version "1.3.0"
  resolved "https://registry.yarnpkg.com/muri/-/muri-1.3.0.tgz#aeccf3db64c56aa7c5b34e00f95b7878527a4721"

negotiator@0.6.1:
  version "0.6.1"
  resolved "https://registry.yarnpkg.com/negotiator/-/negotiator-0.6.1.tgz#2b327184e8992101177b28563fb5e7102acd0ca9"

object-assign@^4:
  version "4.1.1"
  resolved "https://registry.yarnpkg.com/object-assign/-/object-assign-4.1.1.tgz#2109adc7965887cfc05cbbd442cac8bfbb360863"

on-finished@~2.3.0:
  version "2.3.0"
  resolved "https://registry.yarnpkg.com/on-finished/-/on-finished-2.3.0.tgz#20f1336481b083cd75337992a16971aa2d906947"
  dependencies:
    ee-first "1.1.1"

parseurl@~1.3.2:
  version "1.3.2"
  resolved "https://registry.yarnpkg.com/parseurl/-/parseurl-1.3.2.tgz#fc289d4ed8993119460c156253262cdc8de65bf3"

path-to-regexp@0.1.7:
  version "0.1.7"
  resolved "https://registry.yarnpkg.com/path-to-regexp/-/path-to-regexp-0.1.7.tgz#df604178005f522f15eb4490e7247a1bfaa67f8c"

process-nextick-args@~1.0.6:
  version "1.0.7"
  resolved "https://registry.yarnpkg.com/process-nextick-args/-/process-nextick-args-1.0.7.tgz#150e20b756590ad3f91093f25a4f2ad8bff30ba3"

proxy-addr@~2.0.3:
  version "2.0.4"
  resolved "https://registry.yarnpkg.com/proxy-addr/-/proxy-addr-2.0.4.tgz#ecfc733bf22ff8c6f407fa275327b9ab67e48b93"
  dependencies:
    forwarded "~0.1.2"
    ipaddr.js "1.8.0"

qs@6.5.1:
  version "6.5.1"
  resolved "https://registry.yarnpkg.com/qs/-/qs-6.5.1.tgz#349cdf6eef89ec45c12d7d5eb3fc0c870343a6d8"

qs@6.5.2:
  version "6.5.2"
  resolved "https://registry.yarnpkg.com/qs/-/qs-6.5.2.tgz#cb3ae806e8740444584ef154ce8ee98d403f3e36"

range-parser@~1.2.0:
  version "1.2.0"
  resolved "https://registry.yarnpkg.com/range-parser/-/range-parser-1.2.0.tgz#f49be6b487894ddc40dcc94a322f611092e00d5e"

raw-body@2.3.2:
  version "2.3.2"
  resolved "https://registry.yarnpkg.com/raw-body/-/raw-body-2.3.2.tgz#bcd60c77d3eb93cde0050295c3f379389bc88f89"
  dependencies:
    bytes "3.0.0"
    http-errors "1.6.2"
    iconv-lite "0.4.19"
    unpipe "1.0.0"

raw-body@2.3.3:
  version "2.3.3"
  resolved "https://registry.yarnpkg.com/raw-body/-/raw-body-2.3.3.tgz#1b324ece6b5706e153855bc1148c65bb7f6ea0c3"
  dependencies:
    bytes "3.0.0"
    http-errors "1.6.3"
    iconv-lite "0.4.23"
    unpipe "1.0.0"

readable-stream@2.2.7:
  version "2.2.7"
  resolved "https://registry.yarnpkg.com/readable-stream/-/readable-stream-2.2.7.tgz#07057acbe2467b22042d36f98c5ad507054e95b1"
  dependencies:
    buffer-shims "~1.0.0"
    core-util-is "~1.0.0"
    inherits "~2.0.1"
    isarray "~1.0.0"
    process-nextick-args "~1.0.6"
    string_decoder "~1.0.0"
    util-deprecate "~1.0.1"

regexp-clone@0.0.1:
  version "0.0.1"
  resolved "https://registry.yarnpkg.com/regexp-clone/-/regexp-clone-0.0.1.tgz#a7c2e09891fdbf38fbb10d376fb73003e68ac589"

require_optional@~1.0.0:
  version "1.0.1"
  resolved "https://registry.yarnpkg.com/require_optional/-/require_optional-1.0.1.tgz#4cf35a4247f64ca3df8c2ef208cc494b1ca8fc2e"
  dependencies:
    resolve-from "^2.0.0"
    semver "^5.1.0"

resolve-from@^2.0.0:
  version "2.0.0"
  resolved "https://registry.yarnpkg.com/resolve-from/-/resolve-from-2.0.0.tgz#9480ab20e94ffa1d9e80a804c7ea147611966b57"

robust-orientation@^1.1.2, robust-orientation@^1.1.3:
  version "1.1.3"
  resolved "https://registry.yarnpkg.com/robust-orientation/-/robust-orientation-1.1.3.tgz#daff5b00d3be4e60722f0e9c0156ef967f1c2049"
  dependencies:
    robust-scale "^1.0.2"
    robust-subtract "^1.0.0"
    robust-sum "^1.0.0"
    two-product "^1.0.2"

robust-scale@^1.0.2:
  version "1.0.2"
  resolved "https://registry.yarnpkg.com/robust-scale/-/robust-scale-1.0.2.tgz#775132ed09542d028e58b2cc79c06290bcf78c32"
  dependencies:
    two-product "^1.0.2"
    two-sum "^1.0.0"

robust-subtract@^1.0.0:
  version "1.0.0"
  resolved "https://registry.yarnpkg.com/robust-subtract/-/robust-subtract-1.0.0.tgz#e0b164e1ed8ba4e3a5dda45a12038348dbed3e9a"

robust-sum@^1.0.0:
  version "1.0.0"
  resolved "https://registry.yarnpkg.com/robust-sum/-/robust-sum-1.0.0.tgz#16646e525292b4d25d82757a286955e0bbfa53d9"

safe-buffer@5.1.1:
  version "5.1.1"
  resolved "https://registry.yarnpkg.com/safe-buffer/-/safe-buffer-5.1.1.tgz#893312af69b2123def71f57889001671eeb2c853"

safe-buffer@~5.1.0:
  version "5.1.2"
  resolved "https://registry.yarnpkg.com/safe-buffer/-/safe-buffer-5.1.2.tgz#991ec69d296e0313747d59bdfd2b745c35f8828d"

"safer-buffer@>= 2.1.2 < 3":
  version "2.1.2"
  resolved "https://registry.yarnpkg.com/safer-buffer/-/safer-buffer-2.1.2.tgz#44fa161b0187b9549dd84bb91802f9bd8385cd6a"

semver@^5.1.0:
  version "5.5.1"
  resolved "https://registry.yarnpkg.com/semver/-/semver-5.5.1.tgz#7dfdd8814bdb7cabc7be0fb1d734cfb66c940477"

send@0.16.2:
  version "0.16.2"
  resolved "https://registry.yarnpkg.com/send/-/send-0.16.2.tgz#6ecca1e0f8c156d141597559848df64730a6bbc1"
  dependencies:
    debug "2.6.9"
    depd "~1.1.2"
    destroy "~1.0.4"
    encodeurl "~1.0.2"
    escape-html "~1.0.3"
    etag "~1.8.1"
    fresh "0.5.2"
    http-errors "~1.6.2"
    mime "1.4.1"
    ms "2.0.0"
    on-finished "~2.3.0"
    range-parser "~1.2.0"
    statuses "~1.4.0"

serve-static@1.13.2:
  version "1.13.2"
  resolved "https://registry.yarnpkg.com/serve-static/-/serve-static-1.13.2.tgz#095e8472fd5b46237db50ce486a43f4b86c6cec1"
  dependencies:
    encodeurl "~1.0.2"
    escape-html "~1.0.3"
    parseurl "~1.3.2"
    send "0.16.2"

setprototypeof@1.0.3:
  version "1.0.3"
  resolved "https://registry.yarnpkg.com/setprototypeof/-/setprototypeof-1.0.3.tgz#66567e37043eeb4f04d91bd658c0cbefb55b8e04"

setprototypeof@1.1.0:
  version "1.1.0"
  resolved "https://registry.yarnpkg.com/setprototypeof/-/setprototypeof-1.1.0.tgz#d0bd85536887b6fe7c0d818cb962d9d91c54e656"

simplicial-complex@^1.0.0:
  version "1.0.0"
  resolved "https://registry.yarnpkg.com/simplicial-complex/-/simplicial-complex-1.0.0.tgz#6c33a4ed69fcd4d91b7bcadd3b30b63683eae241"
  dependencies:
    bit-twiddle "^1.0.0"
    union-find "^1.0.0"

simplify-js@^1.2.1:
  version "1.2.3"
  resolved "https://registry.yarnpkg.com/simplify-js/-/simplify-js-1.2.3.tgz#a3422c1b9884d60421345eb44d2b872662df27f5"

sliced@0.0.5:
  version "0.0.5"
  resolved "https://registry.yarnpkg.com/sliced/-/sliced-0.0.5.tgz#5edc044ca4eb6f7816d50ba2fc63e25d8fe4707f"

sliced@1.0.1:
  version "1.0.1"
  resolved "https://registry.yarnpkg.com/sliced/-/sliced-1.0.1.tgz#0b3a662b5d04c3177b1926bea82b03f837a2ef41"

"statuses@>= 1.3.1 < 2", "statuses@>= 1.4.0 < 2":
  version "1.5.0"
  resolved "https://registry.yarnpkg.com/statuses/-/statuses-1.5.0.tgz#161c7dac177659fd9811f43771fa99381478628c"

statuses@~1.4.0:
  version "1.4.0"
  resolved "https://registry.yarnpkg.com/statuses/-/statuses-1.4.0.tgz#bb73d446da2796106efcc1b601a253d6c46bd087"

string_decoder@~1.0.0:
  version "1.0.3"
  resolved "https://registry.yarnpkg.com/string_decoder/-/string_decoder-1.0.3.tgz#0fc67d7c141825de94282dd536bec6b9bce860ab"
  dependencies:
    safe-buffer "~5.1.0"

turf-along@^3.0.12:
  version "3.0.12"
  resolved "https://registry.yarnpkg.com/turf-along/-/turf-along-3.0.12.tgz#e622bde7a4bd138c09647d4b14aa0ea700485de6"
  dependencies:
    turf-bearing "^3.0.12"
    turf-destination "^3.0.12"
    turf-distance "^3.0.12"
    turf-helpers "^3.0.12"

turf-area@^3.0.12:
  version "3.0.12"
  resolved "https://registry.yarnpkg.com/turf-area/-/turf-area-3.0.12.tgz#9b7e469ef9fb558fd147bb0c214823263bdbf13c"
  dependencies:
    geojson-area "^0.2.1"

turf-bbox-polygon@^3.0.12:
  version "3.0.12"
  resolved "https://registry.yarnpkg.com/turf-bbox-polygon/-/turf-bbox-polygon-3.0.12.tgz#330dc0bb38322d61545df966ce6c80f685acf4f2"
  dependencies:
    turf-helpers "^3.0.12"

turf-bbox@^3.0.12:
  version "3.0.12"
  resolved "https://registry.yarnpkg.com/turf-bbox/-/turf-bbox-3.0.12.tgz#3fa06117c8443860ec80ac60fd5d2f1320bfb1be"
  dependencies:
    turf-meta "^3.0.12"

turf-bearing@^3.0.12:
  version "3.0.12"
  resolved "https://registry.yarnpkg.com/turf-bearing/-/turf-bearing-3.0.12.tgz#65f609dd850e7364c7771aa6ded87b0e1917fd20"
  dependencies:
    turf-invariant "^3.0.12"

turf-bezier@^3.0.12:
  version "3.0.12"
  resolved "https://registry.yarnpkg.com/turf-bezier/-/turf-bezier-3.0.12.tgz#102efdd4a63b265ee9c8c1727631920b36f4dd02"
  dependencies:
    turf-helpers "^3.0.12"

turf-buffer@^3.0.12:
  version "3.0.12"
  resolved "https://registry.yarnpkg.com/turf-buffer/-/turf-buffer-3.0.12.tgz#20840fe7c6aa67b24be1cab7ffcc5a82fd6bd971"
  dependencies:
    geojson-normalize "0.0.0"
    jsts "1.1.2"
    turf-combine "^3.0.12"
    turf-helpers "^3.0.12"

turf-center@^3.0.12:
  version "3.0.12"
  resolved "https://registry.yarnpkg.com/turf-center/-/turf-center-3.0.12.tgz#45dd6c1729bb867291e3e002e9c7506f8c440196"
  dependencies:
    turf-bbox "^3.0.12"
    turf-helpers "^3.0.12"

turf-centroid@^3.0.12:
  version "3.0.12"
  resolved "https://registry.yarnpkg.com/turf-centroid/-/turf-centroid-3.0.12.tgz#eaee0d698204b57fc33994bb1bc867b8da293f8f"
  dependencies:
    turf-helpers "^3.0.12"
    turf-meta "^3.0.12"

turf-circle@^3.0.12:
  version "3.0.12"
  resolved "https://registry.yarnpkg.com/turf-circle/-/turf-circle-3.0.12.tgz#140b21cb4950f2d3cbc70d2df012936867f58930"
  dependencies:
    turf-destination "^3.0.12"
    turf-helpers "^3.0.12"

turf-collect@^3.0.12:
  version "3.0.12"
  resolved "https://registry.yarnpkg.com/turf-collect/-/turf-collect-3.0.12.tgz#6e986d1a707da319cc83e7238d0bcdf19aa3c7f2"
  dependencies:
    turf-inside "^3.0.12"

turf-combine@^3.0.12:
  version "3.0.12"
  resolved "https://registry.yarnpkg.com/turf-combine/-/turf-combine-3.0.12.tgz#1670746f0fdce0d1ea8aa6a29ffe5438d446cf73"
  dependencies:
    turf-meta "^3.0.12"

turf-concave@^3.0.12:
  version "3.0.12"
  resolved "https://registry.yarnpkg.com/turf-concave/-/turf-concave-3.0.12.tgz#fcab6056965b0a8319f6cd802601095f2fd3a8eb"
  dependencies:
    turf-distance "^3.0.12"
    turf-meta "^3.0.12"
    turf-tin "^3.0.12"
    turf-union "^3.0.12"

turf-convex@^3.0.12:
  version "3.0.12"
  resolved "https://registry.yarnpkg.com/turf-convex/-/turf-convex-3.0.12.tgz#a88ddc3e22d1cb658796a9c85d3ada3bd3eca357"
  dependencies:
    convex-hull "^1.0.3"
    turf-helpers "^3.0.12"
    turf-meta "^3.0.12"

turf-destination@^3.0.12:
  version "3.0.12"
  resolved "https://registry.yarnpkg.com/turf-destination/-/turf-destination-3.0.12.tgz#7dd6fbf97e86f831a26c83ef2d5a2f8d1d8a6de2"
  dependencies:
    turf-helpers "^3.0.12"
    turf-invariant "^3.0.12"

turf-difference@^3.0.12:
  version "3.0.12"
  resolved "https://registry.yarnpkg.com/turf-difference/-/turf-difference-3.0.12.tgz#9c3d0d7630421005b8b25b7f068ed9efb4bc6ea7"
  dependencies:
    jsts "1.1.2"
    turf-helpers "^3.0.12"

turf-distance@^3.0.12:
  version "3.0.12"
  resolved "https://registry.yarnpkg.com/turf-distance/-/turf-distance-3.0.12.tgz#fb97b8705facd993b145e014b41862610eeca449"
  dependencies:
    turf-helpers "^3.0.12"
    turf-invariant "^3.0.12"

turf-envelope@^3.0.12:
  version "3.0.12"
  resolved "https://registry.yarnpkg.com/turf-envelope/-/turf-envelope-3.0.12.tgz#96921d278cc8c664692e320e2543b914080d786b"
  dependencies:
    turf-bbox "^3.0.12"
    turf-bbox-polygon "^3.0.12"

turf-explode@^3.0.12:
  version "3.0.12"
  resolved "https://registry.yarnpkg.com/turf-explode/-/turf-explode-3.0.12.tgz#c5ae28c284cd006c56511ec7d408c48a5414ecfe"
  dependencies:
    turf-helpers "^3.0.12"
    turf-meta "^3.0.12"

turf-flip@^3.0.12:
  version "3.0.12"
  resolved "https://registry.yarnpkg.com/turf-flip/-/turf-flip-3.0.12.tgz#deb868177b9ff3bb310c5d41aaac61a9156a3cbb"
  dependencies:
    turf-meta "^3.0.12"

turf-grid@1.0.1:
  version "1.0.1"
  resolved "https://registry.yarnpkg.com/turf-grid/-/turf-grid-1.0.1.tgz#b904abc564b939b627a66ac15eb16e053829b80f"
  dependencies:
    turf-point "^2.0.0"

turf-helpers@^3.0.12:
  version "3.0.12"
  resolved "https://registry.yarnpkg.com/turf-helpers/-/turf-helpers-3.0.12.tgz#dd4272e74b3ad7c96eecb7ae5c57fe8eca544b7b"

turf-hex-grid@^3.0.12:
  version "3.0.12"
  resolved "https://registry.yarnpkg.com/turf-hex-grid/-/turf-hex-grid-3.0.12.tgz#0698ef669020bb31d8e9cc2056d0abfcafc84e8f"
  dependencies:
    turf-distance "^3.0.12"
    turf-helpers "^3.0.12"

turf-inside@^3.0.12:
  version "3.0.12"
  resolved "https://registry.yarnpkg.com/turf-inside/-/turf-inside-3.0.12.tgz#9ba40fa6eed63bec7e7d88aa6427622c4df07066"
  dependencies:
    turf-invariant "^3.0.12"

turf-intersect@^3.0.12:
  version "3.0.12"
  resolved "https://registry.yarnpkg.com/turf-intersect/-/turf-intersect-3.0.12.tgz#c0d7fb305843a19275670057a39d268b17830d83"
  dependencies:
    jsts "1.1.2"

turf-invariant@^3.0.12:
  version "3.0.12"
  resolved "https://registry.yarnpkg.com/turf-invariant/-/turf-invariant-3.0.12.tgz#3b95253953991ebd962dd35d4f6704c287de8ebe"

turf-isolines@^3.0.12:
  version "3.0.12"
  resolved "https://registry.yarnpkg.com/turf-isolines/-/turf-isolines-3.0.12.tgz#00b233dfe2eebd4ecb47a94fc923c6ecec89c7ab"
  dependencies:
    turf-bbox "^3.0.12"
    turf-grid "1.0.1"
    turf-helpers "^3.0.12"
    turf-inside "^3.0.12"
    turf-planepoint "^3.0.12"
    turf-square "^3.0.12"
    turf-tin "^3.0.12"

turf-kinks@^3.0.12:
  version "3.0.12"
  resolved "https://registry.yarnpkg.com/turf-kinks/-/turf-kinks-3.0.12.tgz#e9c9a8dba5724d98f2350fc5bdeba069ec333755"
  dependencies:
    turf-helpers "^3.0.12"

turf-line-distance@^3.0.12:
  version "3.0.12"
  resolved "https://registry.yarnpkg.com/turf-line-distance/-/turf-line-distance-3.0.12.tgz#7108f5b26907f7b8c2dd1b3997866dd3a60e8f5f"
  dependencies:
    turf-distance "^3.0.12"
    turf-helpers "^3.0.12"

turf-line-slice@^3.0.12:
  version "3.0.12"
  resolved "https://registry.yarnpkg.com/turf-line-slice/-/turf-line-slice-3.0.12.tgz#f5f1accc92adae69ea1ac0b29f07529a28dde916"
  dependencies:
    turf-bearing "^3.0.12"
    turf-destination "^3.0.12"
    turf-distance "^3.0.12"
    turf-helpers "^3.0.12"
    turf-point-on-line "^3.0.12"

turf-meta@^3.0.12:
  version "3.0.12"
  resolved "https://registry.yarnpkg.com/turf-meta/-/turf-meta-3.0.12.tgz#0aa9a1caf82b2a5a08d54e0830b5b5a3fa0e8a38"

turf-midpoint@^3.0.12:
  version "3.0.12"
  resolved "https://registry.yarnpkg.com/turf-midpoint/-/turf-midpoint-3.0.12.tgz#b12765ae89acdee8556fd5e26c9c5fa041a02cbe"
  dependencies:
    turf-bearing "^3.0.12"
    turf-destination "^3.0.12"
    turf-distance "^3.0.12"
    turf-invariant "^3.0.12"

turf-nearest@^3.0.12:
  version "3.0.12"
  resolved "https://registry.yarnpkg.com/turf-nearest/-/turf-nearest-3.0.12.tgz#700207f4443f05096f86cd246f929f170dfaf46d"
  dependencies:
    turf-distance "^3.0.12"

turf-planepoint@^3.0.12:
  version "3.0.12"
  resolved "https://registry.yarnpkg.com/turf-planepoint/-/turf-planepoint-3.0.12.tgz#2c37ae0f17fcb30db6e38f0d59ee6c0dd6caa9af"

turf-point-grid@^3.0.12:
  version "3.0.12"
  resolved "https://registry.yarnpkg.com/turf-point-grid/-/turf-point-grid-3.0.12.tgz#d604978be10bc9e53306ae02cef7098431db4971"
  dependencies:
    turf-distance "^3.0.12"
    turf-helpers "^3.0.12"

turf-point-on-line@^3.0.12:
  version "3.0.12"
  resolved "https://registry.yarnpkg.com/turf-point-on-line/-/turf-point-on-line-3.0.12.tgz#1d8663354e70372db1863e6253e9040c47127b0f"
  dependencies:
    turf-bearing "^3.0.12"
    turf-destination "^3.0.12"
    turf-distance "^3.0.12"
    turf-helpers "^3.0.12"

turf-point-on-surface@^3.0.12:
  version "3.0.12"
  resolved "https://registry.yarnpkg.com/turf-point-on-surface/-/turf-point-on-surface-3.0.12.tgz#9be505b6b0ba78e98565001de3b3a4267115240a"
  dependencies:
    turf-center "^3.0.12"
    turf-distance "^3.0.12"
    turf-explode "^3.0.12"
    turf-helpers "^3.0.12"
    turf-inside "^3.0.12"

turf-point@^2.0.0:
  version "2.0.1"
  resolved "https://registry.yarnpkg.com/turf-point/-/turf-point-2.0.1.tgz#a2dcc30a2d20f44cf5c6271df7bae2c0e2146069"
  dependencies:
    minimist "^1.1.0"

turf-random@^3.0.12:
  version "3.0.12"
  resolved "https://registry.yarnpkg.com/turf-random/-/turf-random-3.0.12.tgz#34dbb141c3f1eaeae1424fd6c5eaba1f6fb9b1e8"
  dependencies:
    geojson-random "^0.2.2"

turf-sample@^3.0.12:
  version "3.0.12"
  resolved "https://registry.yarnpkg.com/turf-sample/-/turf-sample-3.0.12.tgz#7949f8620612047e1314c1ced87e99c142463cd2"
  dependencies:
    turf-helpers "^3.0.12"

turf-simplify@^3.0.12:
  version "3.0.12"
  resolved "https://registry.yarnpkg.com/turf-simplify/-/turf-simplify-3.0.12.tgz#85e443c8b46aa2b7526389444c7381daa2ad19e7"
  dependencies:
    simplify-js "^1.2.1"

turf-square-grid@^3.0.12:
  version "3.0.12"
  resolved "https://registry.yarnpkg.com/turf-square-grid/-/turf-square-grid-3.0.12.tgz#3c1d80ac14556c6813b478bda012512ed4b93ec8"
  dependencies:
    turf-distance "^3.0.12"
    turf-helpers "^3.0.12"

turf-square@^3.0.12:
  version "3.0.12"
  resolved "https://registry.yarnpkg.com/turf-square/-/turf-square-3.0.12.tgz#1a38b1e0fb05ffe0fcaa43188e2f37942a515b64"
  dependencies:
    turf-distance "^3.0.12"
    turf-helpers "^3.0.12"

turf-tag@^3.0.12:
  version "3.0.12"
  resolved "https://registry.yarnpkg.com/turf-tag/-/turf-tag-3.0.12.tgz#2284fff0e8a1e92a27d4ac7fd7471b3c48ddd1a8"
  dependencies:
    turf-inside "^3.0.12"

turf-tesselate@^3.0.12:
  version "3.0.12"
  resolved "https://registry.yarnpkg.com/turf-tesselate/-/turf-tesselate-3.0.12.tgz#41474b7b5b3820bcf273fb71e1894d8c3cd40d35"
  dependencies:
    earcut "^2.0.0"
    turf-helpers "^3.0.12"

turf-tin@^3.0.12:
  version "3.0.12"
  resolved "https://registry.yarnpkg.com/turf-tin/-/turf-tin-3.0.12.tgz#b6534644763ace1c9df241c958d2384855257385"
  dependencies:
    turf-helpers "^3.0.12"

turf-triangle-grid@^3.0.12:
  version "3.0.12"
  resolved "https://registry.yarnpkg.com/turf-triangle-grid/-/turf-triangle-grid-3.0.12.tgz#80647e57dafe09346879a29a18a0e6294acf1159"
  dependencies:
    turf-distance "^3.0.12"
    turf-helpers "^3.0.12"

turf-union@^3.0.12:
  version "3.0.12"
  resolved "https://registry.yarnpkg.com/turf-union/-/turf-union-3.0.12.tgz#dfed0e5540b8c2855e4994c14621e3a60c829c8e"
  dependencies:
    jsts "1.1.2"

turf-within@^3.0.12:
  version "3.0.12"
  resolved "https://registry.yarnpkg.com/turf-within/-/turf-within-3.0.12.tgz#f77eeaf377238561b7fb1338e76e9d1298741f94"
  dependencies:
    turf-helpers "^3.0.12"
    turf-inside "^3.0.12"

turf@^3.0.14:
  version "3.0.14"
  resolved "https://registry.yarnpkg.com/turf/-/turf-3.0.14.tgz#eb2f4a80a2d583b8c6486bc7b5c7190466866c27"
  dependencies:
    turf-along "^3.0.12"
    turf-area "^3.0.12"
    turf-bbox "^3.0.12"
    turf-bbox-polygon "^3.0.12"
    turf-bearing "^3.0.12"
    turf-bezier "^3.0.12"
    turf-buffer "^3.0.12"
    turf-center "^3.0.12"
    turf-centroid "^3.0.12"
    turf-circle "^3.0.12"
    turf-collect "^3.0.12"
    turf-combine "^3.0.12"
    turf-concave "^3.0.12"
    turf-convex "^3.0.12"
    turf-destination "^3.0.12"
    turf-difference "^3.0.12"
    turf-distance "^3.0.12"
    turf-envelope "^3.0.12"
    turf-explode "^3.0.12"
    turf-flip "^3.0.12"
    turf-helpers "^3.0.12"
    turf-hex-grid "^3.0.12"
    turf-inside "^3.0.12"
    turf-intersect "^3.0.12"
    turf-isolines "^3.0.12"
    turf-kinks "^3.0.12"
    turf-line-distance "^3.0.12"
    turf-line-slice "^3.0.12"
    turf-meta "^3.0.12"
    turf-midpoint "^3.0.12"
    turf-nearest "^3.0.12"
    turf-planepoint "^3.0.12"
    turf-point-grid "^3.0.12"
    turf-point-on-line "^3.0.12"
    turf-point-on-surface "^3.0.12"
    turf-random "^3.0.12"
    turf-sample "^3.0.12"
    turf-simplify "^3.0.12"
    turf-square "^3.0.12"
    turf-square-grid "^3.0.12"
    turf-tag "^3.0.12"
    turf-tesselate "^3.0.12"
    turf-tin "^3.0.12"
    turf-triangle-grid "^3.0.12"
    turf-union "^3.0.12"
    turf-within "^3.0.12"

two-product@^1.0.2:
  version "1.0.2"
  resolved "https://registry.yarnpkg.com/two-product/-/two-product-1.0.2.tgz#67d95d4b257a921e2cb4bd7af9511f9088522eaa"

two-sum@^1.0.0:
  version "1.0.0"
  resolved "https://registry.yarnpkg.com/two-sum/-/two-sum-1.0.0.tgz#31d3f32239e4f731eca9df9155e2b297f008ab64"

type-is@~1.6.15, type-is@~1.6.16:
  version "1.6.16"
  resolved "https://registry.yarnpkg.com/type-is/-/type-is-1.6.16.tgz#f89ce341541c672b25ee7ae3c73dee3b2be50194"
  dependencies:
    media-typer "0.3.0"
    mime-types "~2.1.18"

union-find@^1.0.0:
  version "1.0.2"
  resolved "https://registry.yarnpkg.com/union-find/-/union-find-1.0.2.tgz#292bac415e6ad3a89535d237010db4a536284e58"

unpipe@1.0.0, unpipe@~1.0.0:
  version "1.0.0"
  resolved "https://registry.yarnpkg.com/unpipe/-/unpipe-1.0.0.tgz#b2bf4ee8514aae6165b4817829d21b2ef49904ec"

util-deprecate@~1.0.1:
  version "1.0.2"
  resolved "https://registry.yarnpkg.com/util-deprecate/-/util-deprecate-1.0.2.tgz#450d4dc9fa70de732762fbd2d4a28981419a0ccf"

utils-merge@1.0.1:
  version "1.0.1"
  resolved "https://registry.yarnpkg.com/utils-merge/-/utils-merge-1.0.1.tgz#9f95710f50a267947b2ccc124741c1028427e713"

vary@^1, vary@~1.1.2:
  version "1.1.2"
  resolved "https://registry.yarnpkg.com/vary/-/vary-1.1.2.tgz#2299f02c6ded30d4a5961b0b9f74524a18f634fc"

wgs84@0.0.0:
  version "0.0.0"
  resolved "https://registry.yarnpkg.com/wgs84/-/wgs84-0.0.0.tgz#34fdc555917b6e57cf2a282ed043710c049cdc76"
